
Microsoft Visual Studio Solution File, Format Version 12.00
# Visual Studio Version 17
VisualStudioVersion = 17.14.36518.9 d17.14
MinimumVisualStudioVersion = 10.0.40219.1
Project("{FAE04EC0-301F-11D3-BF4B-00C04F79EFBC}") = "DCountApiMvcProc", "DCountApiMvcProc.csproj", "{ED563A35-91A9-4394-9B8F-D48D55D70E0A}"
EndProject
Global
	GlobalSection(SolutionConfigurationPlatforms) = preSolution
		Debug|Any CPU = Debug|Any CPU
		Release|Any CPU = Release|Any CPU
	EndGlobalSection
	GlobalSection(ProjectConfigurationPlatforms) = postSolution
		{ED563A35-91A9-4394-9B8F-D48D55D70E0A}.Debug|Any CPU.ActiveCfg = Debug|Any CPU
		{ED563A35-91A9-4394-9B8F-D48D55D70E0A}.Debug|Any CPU.Build.0 = Debug|Any CPU
		{ED563A35-91A9-4394-9B8F-D48D55D70E0A}.Release|Any CPU.ActiveCfg = Release|Any CPU
		{ED563A35-91A9-4394-9B8F-D48D55D70E0A}.Release|Any CPU.Build.0 = Release|Any CPU
	EndGlobalSection
	GlobalSection(SolutionProperties) = preSolution
		HideSolutionNode = FALSE
	EndGlobalSection
	GlobalSection(ExtensibilityGlobals) = postSolution
		SolutionGuid = {24577347-90BA-4A14-B0DB-C888BF8F8CA1}
	EndGlobalSection
EndGlobal
